
Microsoft Visual Studio Solution File, Format Version 12.00
# Visual Studio Version 16
VisualStudioVersion = 16.0.31515.178
MinimumVisualStudioVersion = 10.0.40219.1
Project("{FAE04EC0-301F-11D3-BF4B-00C04F79EFBC}") = "TestMVC", "TestMVC\TestMVC.csproj", "{91408A1E-D7EA-43D4-8F30-7C7579C8629A}"
EndProject
Global
	GlobalSection(SolutionConfigurationPlatforms) = preSolution
		Debug|Any CPU = Debug|Any CPU
		Release|Any CPU = Release|Any CPU
	EndGlobalSection
	GlobalSection(ProjectConfigurationPlatforms) = postSolution
		{91408A1E-D7EA-43D4-8F30-7C7579C8629A}.Debug|Any CPU.ActiveCfg = Debug|Any CPU
		{91408A1E-D7EA-43D4-8F30-7C7579C8629A}.Debug|Any CPU.Build.0 = Debug|Any CPU
		{91408A1E-D7EA-43D4-8F30-7C7579C8629A}.Release|Any CPU.ActiveCfg = Release|Any CPU
		{91408A1E-D7EA-43D4-8F30-7C7579C8629A}.Release|Any CPU.Build.0 = Release|Any CPU
	EndGlobalSection
	GlobalSection(SolutionProperties) = preSolution
		HideSolutionNode = FALSE
	EndGlobalSection
	GlobalSection(ExtensibilityGlobals) = postSolution
		SolutionGuid = {D2197C83-6DB8-465F-BB1D-78405C7BF209}
	EndGlobalSection
EndGlobal
